# This file is automatically @generated by Cargo.
# It is not intended for manual editing.
version = 4

[[package]]
name = "cidr"
version = "0.3.1"
source = "registry+https://github.com/rust-lang/crates.io-index"
checksum = "bd1b64030216239a2e7c364b13cd96a2097ebf0dfe5025f2dedee14a23f2ab60"

[[package]]
name = "subnet_invert"
version = "0.1.0"
dependencies = [
 "cidr",
]
